// !$*UTF8*$!
{
	archiveVersion = 1;
	classes = {
	};
	objectVersion = 56;
	objects = {

/* Begin PBXBuildFile section */
		506BFC6E2933D6160058728A /* ImagesListCell.swift in Sources */ = {isa = PBXBuildFile; fileRef = 506BFC6D2933D6160058728A /* ImagesListCell.swift */; };
		506BFC712933DD000058728A /* Active.png in Resources */ = {isa = PBXBuildFile; fileRef = 506BFC702933DD000058728A /* Active.png */; };
		506BFC872933DFA20058728A /* 18.png in Resources */ = {isa = PBXBuildFile; fileRef = 506BFC722933DFA10058728A /* 18.png */; };
		506BFC882933DFA20058728A /* 16.png in Resources */ = {isa = PBXBuildFile; fileRef = 506BFC732933DFA10058728A /* 16.png */; };
		506BFC892933DFA20058728A /* 19.png in Resources */ = {isa = PBXBuildFile; fileRef = 506BFC742933DFA10058728A /* 19.png */; };
		506BFC8A2933DFA20058728A /* 10.png in Resources */ = {isa = PBXBuildFile; fileRef = 506BFC752933DFA10058728A /* 10.png */; };
		506BFC8B2933DFA20058728A /* 1.png in Resources */ = {isa = PBXBuildFile; fileRef = 506BFC762933DFA10058728A /* 1.png */; };
		506BFC8C2933DFA20058728A /* 3.png in Resources */ = {isa = PBXBuildFile; fileRef = 506BFC772933DFA10058728A /* 3.png */; };
		506BFC8D2933DFA20058728A /* 2.png in Resources */ = {isa = PBXBuildFile; fileRef = 506BFC782933DFA10058728A /* 2.png */; };
		506BFC8E2933DFA20058728A /* 0.png in Resources */ = {isa = PBXBuildFile; fileRef = 506BFC792933DFA10058728A /* 0.png */; };
		506BFC8F2933DFA20058728A /* 7.png in Resources */ = {isa = PBXBuildFile; fileRef = 506BFC7A2933DFA10058728A /* 7.png */; };
		506BFC902933DFA20058728A /* 6.png in Resources */ = {isa = PBXBuildFile; fileRef = 506BFC7B2933DFA10058728A /* 6.png */; };
		506BFC912933DFA20058728A /* 13.png in Resources */ = {isa = PBXBuildFile; fileRef = 506BFC7C2933DFA10058728A /* 13.png */; };
		506BFC922933DFA20058728A /* 4.png in Resources */ = {isa = PBXBuildFile; fileRef = 506BFC7D2933DFA10058728A /* 4.png */; };
		506BFC932933DFA20058728A /* 14.png in Resources */ = {isa = PBXBuildFile; fileRef = 506BFC7E2933DFA10058728A /* 14.png */; };
		506BFC942933DFA20058728A /* 20.png in Resources */ = {isa = PBXBuildFile; fileRef = 506BFC7F2933DFA10058728A /* 20.png */; };
		506BFC952933DFA20058728A /* 11.png in Resources */ = {isa = PBXBuildFile; fileRef = 506BFC802933DFA10058728A /* 11.png */; };
		506BFC962933DFA20058728A /* 5.png in Resources */ = {isa = PBXBuildFile; fileRef = 506BFC812933DFA10058728A /* 5.png */; };
		506BFC972933DFA20058728A /* 9.png in Resources */ = {isa = PBXBuildFile; fileRef = 506BFC822933DFA10058728A /* 9.png */; };
		506BFC982933DFA20058728A /* 12.png in Resources */ = {isa = PBXBuildFile; fileRef = 506BFC832933DFA10058728A /* 12.png */; };
		506BFC992933DFA20058728A /* 8.png in Resources */ = {isa = PBXBuildFile; fileRef = 506BFC842933DFA10058728A /* 8.png */; };
		506BFC9A2933DFA20058728A /* 17.png in Resources */ = {isa = PBXBuildFile; fileRef = 506BFC852933DFA20058728A /* 17.png */; };
		506BFC9B2933DFA20058728A /* 15.png in Resources */ = {isa = PBXBuildFile; fileRef = 506BFC862933DFA20058728A /* 15.png */; };
		50A856762931FDA700E476DF /* AppDelegate.swift in Sources */ = {isa = PBXBuildFile; fileRef = 50A856752931FDA700E476DF /* AppDelegate.swift */; };
		50A856782931FDA700E476DF /* SceneDelegate.swift in Sources */ = {isa = PBXBuildFile; fileRef = 50A856772931FDA700E476DF /* SceneDelegate.swift */; };
		50A8567A2931FDA700E476DF /* ImagesListControllerViewController.swift in Sources */ = {isa = PBXBuildFile; fileRef = 50A856792931FDA700E476DF /* ImagesListControllerViewController.swift */; };
		50A8567D2931FDA700E476DF /* Main.storyboard in Resources */ = {isa = PBXBuildFile; fileRef = 50A8567B2931FDA700E476DF /* Main.storyboard */; };
		50A8567F2931FDA800E476DF /* Assets.xcassets in Resources */ = {isa = PBXBuildFile; fileRef = 50A8567E2931FDA800E476DF /* Assets.xcassets */; };
		50A856822931FDA800E476DF /* LaunchScreen.storyboard in Resources */ = {isa = PBXBuildFile; fileRef = 50A856802931FDA800E476DF /* LaunchScreen.storyboard */; };
/* End PBXBuildFile section */

/* Begin PBXFileReference section */
		506BFC6D2933D6160058728A /* ImagesListCell.swift */ = {isa = PBXFileReference; lastKnownFileType = sourcecode.swift; path = ImagesListCell.swift; sourceTree = "<group>"; };
		506BFC702933DD000058728A /* Active.png */ = {isa = PBXFileReference; lastKnownFileType = image.png; path = Active.png; sourceTree = "<group>"; };
		506BFC722933DFA10058728A /* 18.png */ = {isa = PBXFileReference; lastKnownFileType = image.png; path = 18.png; sourceTree = "<group>"; };
		506BFC732933DFA10058728A /* 16.png */ = {isa = PBXFileReference; lastKnownFileType = image.png; path = 16.png; sourceTree = "<group>"; };
		506BFC742933DFA10058728A /* 19.png */ = {isa = PBXFileReference; lastKnownFileType = image.png; path = 19.png; sourceTree = "<group>"; };
		506BFC752933DFA10058728A /* 10.png */ = {isa = PBXFileReference; lastKnownFileType = image.png; path = 10.png; sourceTree = "<group>"; };
		506BFC762933DFA10058728A /* 1.png */ = {isa = PBXFileReference; lastKnownFileType = image.png; path = 1.png; sourceTree = "<group>"; };
		506BFC772933DFA10058728A /* 3.png */ = {isa = PBXFileReference; lastKnownFileType = image.png; path = 3.png; sourceTree = "<group>"; };
		506BFC782933DFA10058728A /* 2.png */ = {isa = PBXFileReference; lastKnownFileType = image.png; path = 2.png; sourceTree = "<group>"; };
		506BFC792933DFA10058728A /* 0.png */ = {isa = PBXFileReference; lastKnownFileType = image.png; path = 0.png; sourceTree = "<group>"; };
		506BFC7A2933DFA10058728A /* 7.png */ = {isa = PBXFileReference; lastKnownFileType = image.png; path = 7.png; sourceTree = "<group>"; };
		506BFC7B2933DFA10058728A /* 6.png */ = {isa = PBXFileReference; lastKnownFileType = image.png; path = 6.png; sourceTree = "<group>"; };
		506BFC7C2933DFA10058728A /* 13.png */ = {isa = PBXFileReference; lastKnownFileType = image.png; path = 13.png; sourceTree = "<group>"; };
		506BFC7D2933DFA10058728A /* 4.png */ = {isa = PBXFileReference; lastKnownFileType = image.png; path = 4.png; sourceTree = "<group>"; };
		506BFC7E2933DFA10058728A /* 14.png */ = {isa = PBXFileReference; lastKnownFileType = image.png; path = 14.png; sourceTree = "<group>"; };
		506BFC7F2933DFA10058728A /* 20.png */ = {isa = PBXFileReference; lastKnownFileType = image.png; path = 20.png; sourceTree = "<group>"; };
		506BFC802933DFA10058728A /* 11.png */ = {isa = PBXFileReference; lastKnownFileType = image.png; path = 11.png; sourceTree = "<group>"; };
		506BFC812933DFA10058728A /* 5.png */ = {isa = PBXFileReference; lastKnownFileType = image.png; path = 5.png; sourceTree = "<group>"; };
		506BFC822933DFA10058728A /* 9.png */ = {isa = PBXFileReference; lastKnownFileType = image.png; path = 9.png; sourceTree = "<group>"; };
		506BFC832933DFA10058728A /* 12.png */ = {isa = PBXFileReference; lastKnownFileType = image.png; path = 12.png; sourceTree = "<group>"; };
		506BFC842933DFA10058728A /* 8.png */ = {isa = PBXFileReference; lastKnownFileType = image.png; path = 8.png; sourceTree = "<group>"; };
		506BFC852933DFA20058728A /* 17.png */ = {isa = PBXFileReference; lastKnownFileType = image.png; path = 17.png; sourceTree = "<group>"; };
		506BFC862933DFA20058728A /* 15.png */ = {isa = PBXFileReference; lastKnownFileType = image.png; path = 15.png; sourceTree = "<group>"; };
		50A856722931FDA700E476DF /* ImageFeed.app */ = {isa = PBXFileReference; explicitFileType = wrapper.application; includeInIndex = 0; path = ImageFeed.app; sourceTree = BUILT_PRODUCTS_DIR; };
		50A856752931FDA700E476DF /* AppDelegate.swift */ = {isa = PBXFileReference; lastKnownFileType = sourcecode.swift; path = AppDelegate.swift; sourceTree = "<group>"; };
		50A856772931FDA700E476DF /* SceneDelegate.swift */ = {isa = PBXFileReference; lastKnownFileType = sourcecode.swift; path = SceneDelegate.swift; sourceTree = "<group>"; };
		50A856792931FDA700E476DF /* ImagesListControllerViewController.swift */ = {isa = PBXFileReference; lastKnownFileType = sourcecode.swift; path = ImagesListControllerViewController.swift; sourceTree = "<group>"; };
		50A8567C2931FDA700E476DF /* Base */ = {isa = PBXFileReference; lastKnownFileType = file.storyboard; name = Base; path = Base.lproj/Main.storyboard; sourceTree = "<group>"; };
		50A8567E2931FDA800E476DF /* Assets.xcassets */ = {isa = PBXFileReference; lastKnownFileType = folder.assetcatalog; path = Assets.xcassets; sourceTree = "<group>"; };
		50A856812931FDA800E476DF /* Base */ = {isa = PBXFileReference; lastKnownFileType = file.storyboard; name = Base; path = Base.lproj/LaunchScreen.storyboard; sourceTree = "<group>"; };
		50A856832931FDA800E476DF /* Info.plist */ = {isa = PBXFileReference; lastKnownFileType = text.plist.xml; path = Info.plist; sourceTree = "<group>"; };
/* End PBXFileReference section */

/* Begin PBXFrameworksBuildPhase section */
		50A8566F2931FDA700E476DF /* Frameworks */ = {
			isa = PBXFrameworksBuildPhase;
			buildActionMask = 2147483647;
			files = (
			);
			runOnlyForDeploymentPostprocessing = 0;
		};
/* End PBXFrameworksBuildPhase section */

/* Begin PBXGroup section */
		506BFC412933B2850058728A /* Resources */ = {
			isa = PBXGroup;
			children = (
				506BFC792933DFA10058728A /* 0.png */,
				506BFC762933DFA10058728A /* 1.png */,
				506BFC782933DFA10058728A /* 2.png */,
				506BFC772933DFA10058728A /* 3.png */,
				506BFC7D2933DFA10058728A /* 4.png */,
				506BFC812933DFA10058728A /* 5.png */,
				506BFC7B2933DFA10058728A /* 6.png */,
				506BFC7A2933DFA10058728A /* 7.png */,
				506BFC842933DFA10058728A /* 8.png */,
				506BFC822933DFA10058728A /* 9.png */,
				506BFC752933DFA10058728A /* 10.png */,
				506BFC802933DFA10058728A /* 11.png */,
				506BFC832933DFA10058728A /* 12.png */,
				506BFC7C2933DFA10058728A /* 13.png */,
				506BFC7E2933DFA10058728A /* 14.png */,
				506BFC862933DFA20058728A /* 15.png */,
				506BFC732933DFA10058728A /* 16.png */,
				506BFC852933DFA20058728A /* 17.png */,
				506BFC722933DFA10058728A /* 18.png */,
				506BFC742933DFA10058728A /* 19.png */,
				506BFC7F2933DFA10058728A /* 20.png */,
				506BFC702933DD000058728A /* Active.png */,
			);
			path = Resources;
			sourceTree = "<group>";
		};
		506BFC6F2933D62F0058728A /* ImagesList */ = {
			isa = PBXGroup;
			children = (
				50A856792931FDA700E476DF /* ImagesListControllerViewController.swift */,
				506BFC6D2933D6160058728A /* ImagesListCell.swift */,
			);
			path = ImagesList;
			sourceTree = "<group>";
		};
		50A856692931FDA700E476DF = {
			isa = PBXGroup;
			children = (
				50A856742931FDA700E476DF /* ImageFeed */,
				50A856732931FDA700E476DF /* Products */,
			);
			sourceTree = "<group>";
		};
		50A856732931FDA700E476DF /* Products */ = {
			isa = PBXGroup;
			children = (
				50A856722931FDA700E476DF /* ImageFeed.app */,
			);
			name = Products;
			sourceTree = "<group>";
		};
		50A856742931FDA700E476DF /* ImageFeed */ = {
			isa = PBXGroup;
			children = (
				506BFC6F2933D62F0058728A /* ImagesList */,
				506BFC412933B2850058728A /* Resources */,
				50A856752931FDA700E476DF /* AppDelegate.swift */,
				50A856772931FDA700E476DF /* SceneDelegate.swift */,
				50A8567B2931FDA700E476DF /* Main.storyboard */,
				50A8567E2931FDA800E476DF /* Assets.xcassets */,
				50A856802931FDA800E476DF /* LaunchScreen.storyboard */,
				50A856832931FDA800E476DF /* Info.plist */,
			);
			path = ImageFeed;
			sourceTree = "<group>";
		};
/* End PBXGroup section */

/* Begin PBXNativeTarget section */
		50A856712931FDA700E476DF /* ImageFeed */ = {
			isa = PBXNativeTarget;
			buildConfigurationList = 50A856862931FDA800E476DF /* Build configuration list for PBXNativeTarget "ImageFeed" */;
			buildPhases = (
				50A8566E2931FDA700E476DF /* Sources */,
				50A8566F2931FDA700E476DF /* Frameworks */,
				50A856702931FDA700E476DF /* Resources */,
			);
			buildRules = (
			);
			dependencies = (
			);
			name = ImageFeed;
			productName = ImageFeed;
			productReference = 50A856722931FDA700E476DF /* ImageFeed.app */;
			productType = "com.apple.product-type.application";
		};
/* End PBXNativeTarget section */

/* Begin PBXProject section */
		50A8566A2931FDA700E476DF /* Project object */ = {
			isa = PBXProject;
			attributes = {
				BuildIndependentTargetsInParallel = 1;
				LastSwiftUpdateCheck = 1410;
				LastUpgradeCheck = 1410;
				TargetAttributes = {
					50A856712931FDA700E476DF = {
						CreatedOnToolsVersion = 14.1;
					};
				};
			};
			buildConfigurationList = 50A8566D2931FDA700E476DF /* Build configuration list for PBXProject "ImageFeed" */;
			compatibilityVersion = "Xcode 14.0";
			developmentRegion = en;
			hasScannedForEncodings = 0;
			knownRegions = (
				en,
				Base,
			);
			mainGroup = 50A856692931FDA700E476DF;
			productRefGroup = 50A856732931FDA700E476DF /* Products */;
			projectDirPath = "";
			projectRoot = "";
			targets = (
				50A856712931FDA700E476DF /* ImageFeed */,
			);
		};
/* End PBXProject section */

/* Begin PBXResourcesBuildPhase section */
		50A856702931FDA700E476DF /* Resources */ = {
			isa = PBXResourcesBuildPhase;
			buildActionMask = 2147483647;
			files = (
				506BFC9B2933DFA20058728A /* 15.png in Resources */,
				506BFC992933DFA20058728A /* 8.png in Resources */,
				506BFC9A2933DFA20058728A /* 17.png in Resources */,
				506BFC902933DFA20058728A /* 6.png in Resources */,
				506BFC962933DFA20058728A /* 5.png in Resources */,
				506BFC8E2933DFA20058728A /* 0.png in Resources */,
				506BFC8F2933DFA20058728A /* 7.png in Resources */,
				506BFC8D2933DFA20058728A /* 2.png in Resources */,
				506BFC8B2933DFA20058728A /* 1.png in Resources */,
				506BFC912933DFA20058728A /* 13.png in Resources */,
				506BFC872933DFA20058728A /* 18.png in Resources */,
				506BFC982933DFA20058728A /* 12.png in Resources */,
				50A856822931FDA800E476DF /* LaunchScreen.storyboard in Resources */,
				506BFC972933DFA20058728A /* 9.png in Resources */,
				506BFC952933DFA20058728A /* 11.png in Resources */,
				506BFC8A2933DFA20058728A /* 10.png in Resources */,
				506BFC942933DFA20058728A /* 20.png in Resources */,
				506BFC892933DFA20058728A /* 19.png in Resources */,
				506BFC8C2933DFA20058728A /* 3.png in Resources */,
				506BFC882933DFA20058728A /* 16.png in Resources */,
				506BFC922933DFA20058728A /* 4.png in Resources */,
				506BFC712933DD000058728A /* Active.png in Resources */,
				50A8567F2931FDA800E476DF /* Assets.xcassets in Resources */,
				50A8567D2931FDA700E476DF /* Main.storyboard in Resources */,
				506BFC932933DFA20058728A /* 14.png in Resources */,
			);
			runOnlyForDeploymentPostprocessing = 0;
		};
/* End PBXResourcesBuildPhase section */

/* Begin PBXSourcesBuildPhase section */
		50A8566E2931FDA700E476DF /* Sources */ = {
			isa = PBXSourcesBuildPhase;
			buildActionMask = 2147483647;
			files = (
				50A8567A2931FDA700E476DF /* ImagesListControllerViewController.swift in Sources */,
				506BFC6E2933D6160058728A /* ImagesListCell.swift in Sources */,
				50A856762931FDA700E476DF /* AppDelegate.swift in Sources */,
				50A856782931FDA700E476DF /* SceneDelegate.swift in Sources */,
			);
			runOnlyForDeploymentPostprocessing = 0;
		};
/* End PBXSourcesBuildPhase section */

/* Begin PBXVariantGroup section */
		50A8567B2931FDA700E476DF /* Main.storyboard */ = {
			isa = PBXVariantGroup;
			children = (
				50A8567C2931FDA700E476DF /* Base */,
			);
			name = Main.storyboard;
			sourceTree = "<group>";
		};
		50A856802931FDA800E476DF /* LaunchScreen.storyboard */ = {
			isa = PBXVariantGroup;
			children = (
				50A856812931FDA800E476DF /* Base */,
			);
			name = LaunchScreen.storyboard;
			sourceTree = "<group>";
		};
/* End PBXVariantGroup section */

/* Begin XCBuildConfiguration section */
		50A856842931FDA800E476DF /* Debug */ = {
			isa = XCBuildConfiguration;
			buildSettings = {
				ALWAYS_SEARCH_USER_PATHS = NO;
				CLANG_ANALYZER_NONNULL = YES;
				CLANG_ANALYZER_NUMBER_OBJECT_CONVERSION = YES_AGGRESSIVE;
				CLANG_CXX_LANGUAGE_STANDARD = "gnu++20";
				CLANG_ENABLE_MODULES = YES;
				CLANG_ENABLE_OBJC_ARC = YES;
				CLANG_ENABLE_OBJC_WEAK = YES;
				CLANG_WARN_BLOCK_CAPTURE_AUTORELEASING = YES;
				CLANG_WARN_BOOL_CONVERSION = YES;
				CLANG_WARN_COMMA = YES;
				CLANG_WARN_CONSTANT_CONVERSION = YES;
				CLANG_WARN_DEPRECATED_OBJC_IMPLEMENTATIONS = YES;
				CLANG_WARN_DIRECT_OBJC_ISA_USAGE = YES_ERROR;
				CLANG_WARN_DOCUMENTATION_COMMENTS = YES;
				CLANG_WARN_EMPTY_BODY = YES;
				CLANG_WARN_ENUM_CONVERSION = YES;
				CLANG_WARN_INFINITE_RECURSION = YES;
				CLANG_WARN_INT_CONVERSION = YES;
				CLANG_WARN_NON_LITERAL_NULL_CONVERSION = YES;
				CLANG_WARN_OBJC_IMPLICIT_RETAIN_SELF = YES;
				CLANG_WARN_OBJC_LITERAL_CONVERSION = YES;
				CLANG_WARN_OBJC_ROOT_CLASS = YES_ERROR;
				CLANG_WARN_QUOTED_INCLUDE_IN_FRAMEWORK_HEADER = YES;
				CLANG_WARN_RANGE_LOOP_ANALYSIS = YES;
				CLANG_WARN_STRICT_PROTOTYPES = YES;
				CLANG_WARN_SUSPICIOUS_MOVE = YES;
				CLANG_WARN_UNGUARDED_AVAILABILITY = YES_AGGRESSIVE;
				CLANG_WARN_UNREACHABLE_CODE = YES;
				CLANG_WARN__DUPLICATE_METHOD_MATCH = YES;
				COPY_PHASE_STRIP = NO;
				DEBUG_INFORMATION_FORMAT = dwarf;
				ENABLE_STRICT_OBJC_MSGSEND = YES;
				ENABLE_TESTABILITY = YES;
				GCC_C_LANGUAGE_STANDARD = gnu11;
				GCC_DYNAMIC_NO_PIC = NO;
				GCC_NO_COMMON_BLOCKS = YES;
				GCC_OPTIMIZATION_LEVEL = 0;
				GCC_PREPROCESSOR_DEFINITIONS = (
					"DEBUG=1",
					"$(inherited)",
				);
				GCC_WARN_64_TO_32_BIT_CONVERSION = YES;
				GCC_WARN_ABOUT_RETURN_TYPE = YES_ERROR;
				GCC_WARN_UNDECLARED_SELECTOR = YES;
				GCC_WARN_UNINITIALIZED_AUTOS = YES_AGGRESSIVE;
				GCC_WARN_UNUSED_FUNCTION = YES;
				GCC_WARN_UNUSED_VARIABLE = YES;
				IPHONEOS_DEPLOYMENT_TARGET = 16.1;
				MTL_ENABLE_DEBUG_INFO = INCLUDE_SOURCE;
				MTL_FAST_MATH = YES;
				ONLY_ACTIVE_ARCH = YES;
				SDKROOT = iphoneos;
				SWIFT_ACTIVE_COMPILATION_CONDITIONS = DEBUG;
				SWIFT_OPTIMIZATION_LEVEL = "-Onone";
			};
			name = Debug;
		};
		50A856852931FDA800E476DF /* Release */ = {
			isa = XCBuildConfiguration;
			buildSettings = {
				ALWAYS_SEARCH_USER_PATHS = NO;
				CLANG_ANALYZER_NONNULL = YES;
				CLANG_ANALYZER_NUMBER_OBJECT_CONVERSION = YES_AGGRESSIVE;
				CLANG_CXX_LANGUAGE_STANDARD = "gnu++20";
				CLANG_ENABLE_MODULES = YES;
				CLANG_ENABLE_OBJC_ARC = YES;
				CLANG_ENABLE_OBJC_WEAK = YES;
				CLANG_WARN_BLOCK_CAPTURE_AUTORELEASING = YES;
				CLANG_WARN_BOOL_CONVERSION = YES;
				CLANG_WARN_COMMA = YES;
				CLANG_WARN_CONSTANT_CONVERSION = YES;
				CLANG_WARN_DEPRECATED_OBJC_IMPLEMENTATIONS = YES;
				CLANG_WARN_DIRECT_OBJC_ISA_USAGE = YES_ERROR;
				CLANG_WARN_DOCUMENTATION_COMMENTS = YES;
				CLANG_WARN_EMPTY_BODY = YES;
				CLANG_WARN_ENUM_CONVERSION = YES;
				CLANG_WARN_INFINITE_RECURSION = YES;
				CLANG_WARN_INT_CONVERSION = YES;
				CLANG_WARN_NON_LITERAL_NULL_CONVERSION = YES;
				CLANG_WARN_OBJC_IMPLICIT_RETAIN_SELF = YES;
				CLANG_WARN_OBJC_LITERAL_CONVERSION = YES;
				CLANG_WARN_OBJC_ROOT_CLASS = YES_ERROR;
				CLANG_WARN_QUOTED_INCLUDE_IN_FRAMEWORK_HEADER = YES;
				CLANG_WARN_RANGE_LOOP_ANALYSIS = YES;
				CLANG_WARN_STRICT_PROTOTYPES = YES;
				CLANG_WARN_SUSPICIOUS_MOVE = YES;
				CLANG_WARN_UNGUARDED_AVAILABILITY = YES_AGGRESSIVE;
				CLANG_WARN_UNREACHABLE_CODE = YES;
				CLANG_WARN__DUPLICATE_METHOD_MATCH = YES;
				COPY_PHASE_STRIP = NO;
				DEBUG_INFORMATION_FORMAT = "dwarf-with-dsym";
				ENABLE_NS_ASSERTIONS = NO;
				ENABLE_STRICT_OBJC_MSGSEND = YES;
				GCC_C_LANGUAGE_STANDARD = gnu11;
				GCC_NO_COMMON_BLOCKS = YES;
				GCC_WARN_64_TO_32_BIT_CONVERSION = YES;
				GCC_WARN_ABOUT_RETURN_TYPE = YES_ERROR;
				GCC_WARN_UNDECLARED_SELECTOR = YES;
				GCC_WARN_UNINITIALIZED_AUTOS = YES_AGGRESSIVE;
				GCC_WARN_UNUSED_FUNCTION = YES;
				GCC_WARN_UNUSED_VARIABLE = YES;
				IPHONEOS_DEPLOYMENT_TARGET = 16.1;
				MTL_ENABLE_DEBUG_INFO = NO;
				MTL_FAST_MATH = YES;
				SDKROOT = iphoneos;
				SWIFT_COMPILATION_MODE = wholemodule;
				SWIFT_OPTIMIZATION_LEVEL = "-O";
				VALIDATE_PRODUCT = YES;
			};
			name = Release;
		};
		50A856872931FDA800E476DF /* Debug */ = {
			isa = XCBuildConfiguration;
			buildSettings = {
				ASSETCATALOG_COMPILER_APPICON_NAME = AppIcon;
				ASSETCATALOG_COMPILER_GLOBAL_ACCENT_COLOR_NAME = AccentColor;
				CODE_SIGN_STYLE = Automatic;
				CURRENT_PROJECT_VERSION = 1;
				GENERATE_INFOPLIST_FILE = YES;
				INFOPLIST_FILE = ImageFeed/Info.plist;
				INFOPLIST_KEY_UIApplicationSupportsIndirectInputEvents = YES;
				INFOPLIST_KEY_UILaunchStoryboardName = LaunchScreen;
				INFOPLIST_KEY_UIMainStoryboardFile = Main;
				INFOPLIST_KEY_UISupportedInterfaceOrientations = UIInterfaceOrientationPortrait;
				INFOPLIST_KEY_UISupportedInterfaceOrientations_iPad = "UIInterfaceOrientationLandscapeLeft UIInterfaceOrientationLandscapeRight UIInterfaceOrientationPortrait UIInterfaceOrientationPortraitUpsideDown";
				IPHONEOS_DEPLOYMENT_TARGET = 13.0;
				LD_RUNPATH_SEARCH_PATHS = (
					"$(inherited)",
					"@executable_path/Frameworks",
				);
				MARKETING_VERSION = 1.0;
				PRODUCT_BUNDLE_IDENTIFIER = ru.maxcode2023.ImageFeed;
				PRODUCT_NAME = "$(TARGET_NAME)";
				SUPPORTED_PLATFORMS = "iphoneos iphonesimulator";
				SUPPORTS_MACCATALYST = NO;
				SUPPORTS_MAC_DESIGNED_FOR_IPHONE_IPAD = NO;
				SWIFT_EMIT_LOC_STRINGS = YES;
				SWIFT_VERSION = 5.0;
				TARGETED_DEVICE_FAMILY = 1;
			};
			name = Debug;
		};
		50A856882931FDA800E476DF /* Release */ = {
			isa = XCBuildConfiguration;
			buildSettings = {
				ASSETCATALOG_COMPILER_APPICON_NAME = AppIcon;
				ASSETCATALOG_COMPILER_GLOBAL_ACCENT_COLOR_NAME = AccentColor;
				CODE_SIGN_STYLE = Automatic;
				CURRENT_PROJECT_VERSION = 1;
				GENERATE_INFOPLIST_FILE = YES;
				INFOPLIST_FILE = ImageFeed/Info.plist;
				INFOPLIST_KEY_UIApplicationSupportsIndirectInputEvents = YES;
				INFOPLIST_KEY_UILaunchStoryboardName = LaunchScreen;
				INFOPLIST_KEY_UIMainStoryboardFile = Main;
				INFOPLIST_KEY_UISupportedInterfaceOrientations = UIInterfaceOrientationPortrait;
				INFOPLIST_KEY_UISupportedInterfaceOrientations_iPad = "UIInterfaceOrientationLandscapeLeft UIInterfaceOrientationLandscapeRight UIInterfaceOrientationPortrait UIInterfaceOrientationPortraitUpsideDown";
				IPHONEOS_DEPLOYMENT_TARGET = 13.0;
				LD_RUNPATH_SEARCH_PATHS = (
					"$(inherited)",
					"@executable_path/Frameworks",
				);
				MARKETING_VERSION = 1.0;
				PRODUCT_BUNDLE_IDENTIFIER = ru.maxcode2023.ImageFeed;
				PRODUCT_NAME = "$(TARGET_NAME)";
				SUPPORTED_PLATFORMS = "iphoneos iphonesimulator";
				SUPPORTS_MACCATALYST = NO;
				SUPPORTS_MAC_DESIGNED_FOR_IPHONE_IPAD = NO;
				SWIFT_EMIT_LOC_STRINGS = YES;
				SWIFT_VERSION = 5.0;
				TARGETED_DEVICE_FAMILY = 1;
			};
			name = Release;
		};
/* End XCBuildConfiguration section */

/* Begin XCConfigurationList section */
		50A8566D2931FDA700E476DF /* Build configuration list for PBXProject "ImageFeed" */ = {
			isa = XCConfigurationList;
			buildConfigurations = (
				50A856842931FDA800E476DF /* Debug */,
				50A856852931FDA800E476DF /* Release */,
			);
			defaultConfigurationIsVisible = 0;
			defaultConfigurationName = Release;
		};
		50A856862931FDA800E476DF /* Build configuration list for PBXNativeTarget "ImageFeed" */ = {
			isa = XCConfigurationList;
			buildConfigurations = (
				50A856872931FDA800E476DF /* Debug */,
				50A856882931FDA800E476DF /* Release */,
			);
			defaultConfigurationIsVisible = 0;
			defaultConfigurationName = Release;
		};
/* End XCConfigurationList section */
	};
	rootObject = 50A8566A2931FDA700E476DF /* Project object */;
}
