// !$*UTF8*$!
{
	archiveVersion = 1;
	classes = {
	};
	objectVersion = 56;
	objects = {

/* Begin PBXBuildFile section */
		22227A9A295F1B6B0014DF14 /* WebViewViewControllerDelegate.swift in Sources */ = {isa = PBXBuildFile; fileRef = 22227A99295F1B6B0014DF14 /* WebViewViewControllerDelegate.swift */; };
		223FDB28295DD00800FDCAE1 /* Constants.swift in Sources */ = {isa = PBXBuildFile; fileRef = 223FDB27295DD00800FDCAE1 /* Constants.swift */; };
		223FDB2B295DD3AB00FDCAE1 /* WebViewViewController.swift in Sources */ = {isa = PBXBuildFile; fileRef = 223FDB2A295DD3AB00FDCAE1 /* WebViewViewController.swift */; };
		223FDB2D295DD49F00FDCAE1 /* AuthViewController.swift in Sources */ = {isa = PBXBuildFile; fileRef = 223FDB2C295DD49F00FDCAE1 /* AuthViewController.swift */; };
		50397DA42962CB750078D6BE /* UIBlockingProgressHUD.swift in Sources */ = {isa = PBXBuildFile; fileRef = 50397DA32962CB750078D6BE /* UIBlockingProgressHUD.swift */; };
		50397DA62962D2730078D6BE /* ProfileService.swift in Sources */ = {isa = PBXBuildFile; fileRef = 50397DA52962D2730078D6BE /* ProfileService.swift */; };
		50397DA82963119B0078D6BE /* ProfileImageService.swift in Sources */ = {isa = PBXBuildFile; fileRef = 50397DA72963119B0078D6BE /* ProfileImageService.swift */; };
		50397DAB296348080078D6BE /* URLSession.swift in Sources */ = {isa = PBXBuildFile; fileRef = 50397DAA296348080078D6BE /* URLSession.swift */; };
		5044C5CD2940FC4200E65D8F /* SingleImageViewController.swift in Sources */ = {isa = PBXBuildFile; fileRef = 5044C5CC2940FC4200E65D8F /* SingleImageViewController.swift */; };
		50487E6529609E7700F41745 /* OAuth2Service.swift in Sources */ = {isa = PBXBuildFile; fileRef = 50487E6429609E7700F41745 /* OAuth2Service.swift */; };
		506BFC6E2933D6160058728A /* ImagesListCell.swift in Sources */ = {isa = PBXBuildFile; fileRef = 506BFC6D2933D6160058728A /* ImagesListCell.swift */; };
		50A856762931FDA700E476DF /* AppDelegate.swift in Sources */ = {isa = PBXBuildFile; fileRef = 50A856752931FDA700E476DF /* AppDelegate.swift */; };
		50A856782931FDA700E476DF /* SceneDelegate.swift in Sources */ = {isa = PBXBuildFile; fileRef = 50A856772931FDA700E476DF /* SceneDelegate.swift */; };
		50A8567A2931FDA700E476DF /* ImagesListControllerViewController.swift in Sources */ = {isa = PBXBuildFile; fileRef = 50A856792931FDA700E476DF /* ImagesListControllerViewController.swift */; };
		50A8567D2931FDA700E476DF /* Main.storyboard in Resources */ = {isa = PBXBuildFile; fileRef = 50A8567B2931FDA700E476DF /* Main.storyboard */; };
		50A8567F2931FDA800E476DF /* Assets.xcassets in Resources */ = {isa = PBXBuildFile; fileRef = 50A8567E2931FDA800E476DF /* Assets.xcassets */; };
		50A856822931FDA800E476DF /* LaunchScreen.storyboard in Resources */ = {isa = PBXBuildFile; fileRef = 50A856802931FDA800E476DF /* LaunchScreen.storyboard */; };
		50B8D42F29619E7800508CF6 /* OAuth2TokenStorage.swift in Sources */ = {isa = PBXBuildFile; fileRef = 50B8D42E29619E7800508CF6 /* OAuth2TokenStorage.swift */; };
		50B8D4322961AC7200508CF6 /* SplashViewController.swift in Sources */ = {isa = PBXBuildFile; fileRef = 50B8D4312961AC7200508CF6 /* SplashViewController.swift */; };
		50B8D4352961F15500508CF6 /* ProgressHUD in Frameworks */ = {isa = PBXBuildFile; productRef = 50B8D4342961F15500508CF6 /* ProgressHUD */; };
		50EEBC02293B6E2B00E950B5 /* ProfileViewController.swift in Sources */ = {isa = PBXBuildFile; fileRef = 50EEBC01293B6E2B00E950B5 /* ProfileViewController.swift */; };
/* End PBXBuildFile section */

/* Begin PBXFileReference section */
		22227A99295F1B6B0014DF14 /* WebViewViewControllerDelegate.swift */ = {isa = PBXFileReference; lastKnownFileType = sourcecode.swift; path = WebViewViewControllerDelegate.swift; sourceTree = "<group>"; };
		223FDB27295DD00800FDCAE1 /* Constants.swift */ = {isa = PBXFileReference; lastKnownFileType = sourcecode.swift; path = Constants.swift; sourceTree = "<group>"; };
		223FDB2A295DD3AB00FDCAE1 /* WebViewViewController.swift */ = {isa = PBXFileReference; lastKnownFileType = sourcecode.swift; path = WebViewViewController.swift; sourceTree = "<group>"; };
		223FDB2C295DD49F00FDCAE1 /* AuthViewController.swift */ = {isa = PBXFileReference; lastKnownFileType = sourcecode.swift; path = AuthViewController.swift; sourceTree = "<group>"; };
		50397DA32962CB750078D6BE /* UIBlockingProgressHUD.swift */ = {isa = PBXFileReference; lastKnownFileType = sourcecode.swift; path = UIBlockingProgressHUD.swift; sourceTree = "<group>"; };
		50397DA52962D2730078D6BE /* ProfileService.swift */ = {isa = PBXFileReference; lastKnownFileType = sourcecode.swift; path = ProfileService.swift; sourceTree = "<group>"; };
		50397DA72963119B0078D6BE /* ProfileImageService.swift */ = {isa = PBXFileReference; lastKnownFileType = sourcecode.swift; path = ProfileImageService.swift; sourceTree = "<group>"; };
		50397DAA296348080078D6BE /* URLSession.swift */ = {isa = PBXFileReference; lastKnownFileType = sourcecode.swift; path = URLSession.swift; sourceTree = "<group>"; };
		5044C5CC2940FC4200E65D8F /* SingleImageViewController.swift */ = {isa = PBXFileReference; lastKnownFileType = sourcecode.swift; path = SingleImageViewController.swift; sourceTree = "<group>"; };
		50487E6429609E7700F41745 /* OAuth2Service.swift */ = {isa = PBXFileReference; lastKnownFileType = sourcecode.swift; path = OAuth2Service.swift; sourceTree = "<group>"; };
		506BFC6D2933D6160058728A /* ImagesListCell.swift */ = {isa = PBXFileReference; lastKnownFileType = sourcecode.swift; path = ImagesListCell.swift; sourceTree = "<group>"; };
		50A856722931FDA700E476DF /* ImageFeed.app */ = {isa = PBXFileReference; explicitFileType = wrapper.application; includeInIndex = 0; path = ImageFeed.app; sourceTree = BUILT_PRODUCTS_DIR; };
		50A856752931FDA700E476DF /* AppDelegate.swift */ = {isa = PBXFileReference; lastKnownFileType = sourcecode.swift; path = AppDelegate.swift; sourceTree = "<group>"; };
		50A856772931FDA700E476DF /* SceneDelegate.swift */ = {isa = PBXFileReference; lastKnownFileType = sourcecode.swift; path = SceneDelegate.swift; sourceTree = "<group>"; };
		50A856792931FDA700E476DF /* ImagesListControllerViewController.swift */ = {isa = PBXFileReference; lastKnownFileType = sourcecode.swift; path = ImagesListControllerViewController.swift; sourceTree = "<group>"; };
		50A8567C2931FDA700E476DF /* Base */ = {isa = PBXFileReference; lastKnownFileType = file.storyboard; name = Base; path = Base.lproj/Main.storyboard; sourceTree = "<group>"; };
		50A8567E2931FDA800E476DF /* Assets.xcassets */ = {isa = PBXFileReference; lastKnownFileType = folder.assetcatalog; path = Assets.xcassets; sourceTree = "<group>"; };
		50A856812931FDA800E476DF /* Base */ = {isa = PBXFileReference; lastKnownFileType = file.storyboard; name = Base; path = Base.lproj/LaunchScreen.storyboard; sourceTree = "<group>"; };
		50A856832931FDA800E476DF /* Info.plist */ = {isa = PBXFileReference; lastKnownFileType = text.plist.xml; path = Info.plist; sourceTree = "<group>"; };
		50B8D42E29619E7800508CF6 /* OAuth2TokenStorage.swift */ = {isa = PBXFileReference; lastKnownFileType = sourcecode.swift; path = OAuth2TokenStorage.swift; sourceTree = "<group>"; };
		50B8D4312961AC7200508CF6 /* SplashViewController.swift */ = {isa = PBXFileReference; lastKnownFileType = sourcecode.swift; path = SplashViewController.swift; sourceTree = "<group>"; };
		50EEBC01293B6E2B00E950B5 /* ProfileViewController.swift */ = {isa = PBXFileReference; lastKnownFileType = sourcecode.swift; path = ProfileViewController.swift; sourceTree = "<group>"; };
/* End PBXFileReference section */

/* Begin PBXFrameworksBuildPhase section */
		50A8566F2931FDA700E476DF /* Frameworks */ = {
			isa = PBXFrameworksBuildPhase;
			buildActionMask = 2147483647;
			files = (
				50B8D4352961F15500508CF6 /* ProgressHUD in Frameworks */,
			);
			runOnlyForDeploymentPostprocessing = 0;
		};
/* End PBXFrameworksBuildPhase section */

/* Begin PBXGroup section */
		223FDB29295DD36600FDCAE1 /* Auth */ = {
			isa = PBXGroup;
			children = (
				50487E6029609D3200F41745 /* Models */,
				223FDB2A295DD3AB00FDCAE1 /* WebViewViewController.swift */,
				223FDB2C295DD49F00FDCAE1 /* AuthViewController.swift */,
				22227A99295F1B6B0014DF14 /* WebViewViewControllerDelegate.swift */,
				50487E6429609E7700F41745 /* OAuth2Service.swift */,
				50397DA32962CB750078D6BE /* UIBlockingProgressHUD.swift */,
			);
			path = Auth;
			sourceTree = "<group>";
		};
		50397DA9296347EC0078D6BE /* Extensions */ = {
			isa = PBXGroup;
			children = (
				50397DAA296348080078D6BE /* URLSession.swift */,
			);
			path = Extensions;
			sourceTree = "<group>";
		};
		5044C5CB2940FC1F00E65D8F /* SingleImage */ = {
			isa = PBXGroup;
			children = (
				5044C5CC2940FC4200E65D8F /* SingleImageViewController.swift */,
			);
			path = SingleImage;
			sourceTree = "<group>";
		};
		50487E6029609D3200F41745 /* Models */ = {
			isa = PBXGroup;
			children = (
				50B8D42E29619E7800508CF6 /* OAuth2TokenStorage.swift */,
			);
			path = Models;
			sourceTree = "<group>";
		};
		506BFC6F2933D62F0058728A /* ImagesList */ = {
			isa = PBXGroup;
			children = (
				50A856792931FDA700E476DF /* ImagesListControllerViewController.swift */,
				506BFC6D2933D6160058728A /* ImagesListCell.swift */,
			);
			path = ImagesList;
			sourceTree = "<group>";
		};
		50A856692931FDA700E476DF = {
			isa = PBXGroup;
			children = (
				50A856742931FDA700E476DF /* ImageFeed */,
				50A856732931FDA700E476DF /* Products */,
			);
			sourceTree = "<group>";
		};
		50A856732931FDA700E476DF /* Products */ = {
			isa = PBXGroup;
			children = (
				50A856722931FDA700E476DF /* ImageFeed.app */,
			);
			name = Products;
			sourceTree = "<group>";
		};
		50A856742931FDA700E476DF /* ImageFeed */ = {
			isa = PBXGroup;
			children = (
				50397DA9296347EC0078D6BE /* Extensions */,
				50B8D4302961AC4F00508CF6 /* SplashViewController */,
				223FDB29295DD36600FDCAE1 /* Auth */,
				5044C5CB2940FC1F00E65D8F /* SingleImage */,
				50EEBC00293B6E1100E950B5 /* Profile */,
				506BFC6F2933D62F0058728A /* ImagesList */,
				50A856752931FDA700E476DF /* AppDelegate.swift */,
				50A856772931FDA700E476DF /* SceneDelegate.swift */,
				50A8567B2931FDA700E476DF /* Main.storyboard */,
				50A8567E2931FDA800E476DF /* Assets.xcassets */,
				50A856802931FDA800E476DF /* LaunchScreen.storyboard */,
				50A856832931FDA800E476DF /* Info.plist */,
				223FDB27295DD00800FDCAE1 /* Constants.swift */,
			);
			path = ImageFeed;
			sourceTree = "<group>";
		};
		50B8D4302961AC4F00508CF6 /* SplashViewController */ = {
			isa = PBXGroup;
			children = (
				50B8D4312961AC7200508CF6 /* SplashViewController.swift */,
			);
			path = SplashViewController;
			sourceTree = "<group>";
		};
		50EEBC00293B6E1100E950B5 /* Profile */ = {
			isa = PBXGroup;
			children = (
				50EEBC01293B6E2B00E950B5 /* ProfileViewController.swift */,
				50397DA52962D2730078D6BE /* ProfileService.swift */,
				50397DA72963119B0078D6BE /* ProfileImageService.swift */,
			);
			path = Profile;
			sourceTree = "<group>";
		};
/* End PBXGroup section */

/* Begin PBXNativeTarget section */
		50A856712931FDA700E476DF /* ImageFeed */ = {
			isa = PBXNativeTarget;
			buildConfigurationList = 50A856862931FDA800E476DF /* Build configuration list for PBXNativeTarget "ImageFeed" */;
			buildPhases = (
				50A8566E2931FDA700E476DF /* Sources */,
				50A8566F2931FDA700E476DF /* Frameworks */,
				50A856702931FDA700E476DF /* Resources */,
			);
			buildRules = (
			);
			dependencies = (
			);
			name = ImageFeed;
			packageProductDependencies = (
				50B8D4342961F15500508CF6 /* ProgressHUD */,
			);
			productName = ImageFeed;
			productReference = 50A856722931FDA700E476DF /* ImageFeed.app */;
			productType = "com.apple.product-type.application";
		};
/* End PBXNativeTarget section */

/* Begin PBXProject section */
		50A8566A2931FDA700E476DF /* Project object */ = {
			isa = PBXProject;
			attributes = {
				BuildIndependentTargetsInParallel = 1;
				LastSwiftUpdateCheck = 1410;
				LastUpgradeCheck = 1410;
				TargetAttributes = {
					50A856712931FDA700E476DF = {
						CreatedOnToolsVersion = 14.1;
					};
				};
			};
			buildConfigurationList = 50A8566D2931FDA700E476DF /* Build configuration list for PBXProject "ImageFeed" */;
			compatibilityVersion = "Xcode 14.0";
			developmentRegion = en;
			hasScannedForEncodings = 0;
			knownRegions = (
				en,
				Base,
			);
			mainGroup = 50A856692931FDA700E476DF;
			packageReferences = (
				50B8D4332961F15500508CF6 /* XCRemoteSwiftPackageReference "ProgressHUD" */,
			);
			productRefGroup = 50A856732931FDA700E476DF /* Products */;
			projectDirPath = "";
			projectRoot = "";
			targets = (
				50A856712931FDA700E476DF /* ImageFeed */,
			);
		};
/* End PBXProject section */

/* Begin PBXResourcesBuildPhase section */
		50A856702931FDA700E476DF /* Resources */ = {
			isa = PBXResourcesBuildPhase;
			buildActionMask = 2147483647;
			files = (
				50A856822931FDA800E476DF /* LaunchScreen.storyboard in Resources */,
				50A8567F2931FDA800E476DF /* Assets.xcassets in Resources */,
				50A8567D2931FDA700E476DF /* Main.storyboard in Resources */,
			);
			runOnlyForDeploymentPostprocessing = 0;
		};
/* End PBXResourcesBuildPhase section */

/* Begin PBXSourcesBuildPhase section */
		50A8566E2931FDA700E476DF /* Sources */ = {
			isa = PBXSourcesBuildPhase;
			buildActionMask = 2147483647;
			files = (
				50A8567A2931FDA700E476DF /* ImagesListControllerViewController.swift in Sources */,
				22227A9A295F1B6B0014DF14 /* WebViewViewControllerDelegate.swift in Sources */,
				50487E6529609E7700F41745 /* OAuth2Service.swift in Sources */,
				50397DAB296348080078D6BE /* URLSession.swift in Sources */,
				506BFC6E2933D6160058728A /* ImagesListCell.swift in Sources */,
				50EEBC02293B6E2B00E950B5 /* ProfileViewController.swift in Sources */,
				50A856762931FDA700E476DF /* AppDelegate.swift in Sources */,
				50B8D4322961AC7200508CF6 /* SplashViewController.swift in Sources */,
				223FDB28295DD00800FDCAE1 /* Constants.swift in Sources */,
				5044C5CD2940FC4200E65D8F /* SingleImageViewController.swift in Sources */,
				50397DA82963119B0078D6BE /* ProfileImageService.swift in Sources */,
				223FDB2B295DD3AB00FDCAE1 /* WebViewViewController.swift in Sources */,
				223FDB2D295DD49F00FDCAE1 /* AuthViewController.swift in Sources */,
				50B8D42F29619E7800508CF6 /* OAuth2TokenStorage.swift in Sources */,
				50A856782931FDA700E476DF /* SceneDelegate.swift in Sources */,
				50397DA42962CB750078D6BE /* UIBlockingProgressHUD.swift in Sources */,
				50397DA62962D2730078D6BE /* ProfileService.swift in Sources */,
			);
			runOnlyForDeploymentPostprocessing = 0;
		};
/* End PBXSourcesBuildPhase section */

/* Begin PBXVariantGroup section */
		50A8567B2931FDA700E476DF /* Main.storyboard */ = {
			isa = PBXVariantGroup;
			children = (
				50A8567C2931FDA700E476DF /* Base */,
			);
			name = Main.storyboard;
			sourceTree = "<group>";
		};
		50A856802931FDA800E476DF /* LaunchScreen.storyboard */ = {
			isa = PBXVariantGroup;
			children = (
				50A856812931FDA800E476DF /* Base */,
			);
			name = LaunchScreen.storyboard;
			sourceTree = "<group>";
		};
/* End PBXVariantGroup section */

/* Begin XCBuildConfiguration section */
		50A856842931FDA800E476DF /* Debug */ = {
			isa = XCBuildConfiguration;
			buildSettings = {
				ALWAYS_SEARCH_USER_PATHS = NO;
				CLANG_ANALYZER_NONNULL = YES;
				CLANG_ANALYZER_NUMBER_OBJECT_CONVERSION = YES_AGGRESSIVE;
				CLANG_CXX_LANGUAGE_STANDARD = "gnu++20";
				CLANG_ENABLE_MODULES = YES;
				CLANG_ENABLE_OBJC_ARC = YES;
				CLANG_ENABLE_OBJC_WEAK = YES;
				CLANG_WARN_BLOCK_CAPTURE_AUTORELEASING = YES;
				CLANG_WARN_BOOL_CONVERSION = YES;
				CLANG_WARN_COMMA = YES;
				CLANG_WARN_CONSTANT_CONVERSION = YES;
				CLANG_WARN_DEPRECATED_OBJC_IMPLEMENTATIONS = YES;
				CLANG_WARN_DIRECT_OBJC_ISA_USAGE = YES_ERROR;
				CLANG_WARN_DOCUMENTATION_COMMENTS = YES;
				CLANG_WARN_EMPTY_BODY = YES;
				CLANG_WARN_ENUM_CONVERSION = YES;
				CLANG_WARN_INFINITE_RECURSION = YES;
				CLANG_WARN_INT_CONVERSION = YES;
				CLANG_WARN_NON_LITERAL_NULL_CONVERSION = YES;
				CLANG_WARN_OBJC_IMPLICIT_RETAIN_SELF = YES;
				CLANG_WARN_OBJC_LITERAL_CONVERSION = YES;
				CLANG_WARN_OBJC_ROOT_CLASS = YES_ERROR;
				CLANG_WARN_QUOTED_INCLUDE_IN_FRAMEWORK_HEADER = YES;
				CLANG_WARN_RANGE_LOOP_ANALYSIS = YES;
				CLANG_WARN_STRICT_PROTOTYPES = YES;
				CLANG_WARN_SUSPICIOUS_MOVE = YES;
				CLANG_WARN_UNGUARDED_AVAILABILITY = YES_AGGRESSIVE;
				CLANG_WARN_UNREACHABLE_CODE = YES;
				CLANG_WARN__DUPLICATE_METHOD_MATCH = YES;
				COPY_PHASE_STRIP = NO;
				DEBUG_INFORMATION_FORMAT = dwarf;
				ENABLE_STRICT_OBJC_MSGSEND = YES;
				ENABLE_TESTABILITY = YES;
				GCC_C_LANGUAGE_STANDARD = gnu11;
				GCC_DYNAMIC_NO_PIC = NO;
				GCC_NO_COMMON_BLOCKS = YES;
				GCC_OPTIMIZATION_LEVEL = 0;
				GCC_PREPROCESSOR_DEFINITIONS = (
					"DEBUG=1",
					"$(inherited)",
				);
				GCC_WARN_64_TO_32_BIT_CONVERSION = YES;
				GCC_WARN_ABOUT_RETURN_TYPE = YES_ERROR;
				GCC_WARN_UNDECLARED_SELECTOR = YES;
				GCC_WARN_UNINITIALIZED_AUTOS = YES_AGGRESSIVE;
				GCC_WARN_UNUSED_FUNCTION = YES;
				GCC_WARN_UNUSED_VARIABLE = YES;
				IPHONEOS_DEPLOYMENT_TARGET = 16.1;
				MTL_ENABLE_DEBUG_INFO = INCLUDE_SOURCE;
				MTL_FAST_MATH = YES;
				ONLY_ACTIVE_ARCH = YES;
				SDKROOT = iphoneos;
				SWIFT_ACTIVE_COMPILATION_CONDITIONS = DEBUG;
				SWIFT_OPTIMIZATION_LEVEL = "-Onone";
			};
			name = Debug;
		};
		50A856852931FDA800E476DF /* Release */ = {
			isa = XCBuildConfiguration;
			buildSettings = {
				ALWAYS_SEARCH_USER_PATHS = NO;
				CLANG_ANALYZER_NONNULL = YES;
				CLANG_ANALYZER_NUMBER_OBJECT_CONVERSION = YES_AGGRESSIVE;
				CLANG_CXX_LANGUAGE_STANDARD = "gnu++20";
				CLANG_ENABLE_MODULES = YES;
				CLANG_ENABLE_OBJC_ARC = YES;
				CLANG_ENABLE_OBJC_WEAK = YES;
				CLANG_WARN_BLOCK_CAPTURE_AUTORELEASING = YES;
				CLANG_WARN_BOOL_CONVERSION = YES;
				CLANG_WARN_COMMA = YES;
				CLANG_WARN_CONSTANT_CONVERSION = YES;
				CLANG_WARN_DEPRECATED_OBJC_IMPLEMENTATIONS = YES;
				CLANG_WARN_DIRECT_OBJC_ISA_USAGE = YES_ERROR;
				CLANG_WARN_DOCUMENTATION_COMMENTS = YES;
				CLANG_WARN_EMPTY_BODY = YES;
				CLANG_WARN_ENUM_CONVERSION = YES;
				CLANG_WARN_INFINITE_RECURSION = YES;
				CLANG_WARN_INT_CONVERSION = YES;
				CLANG_WARN_NON_LITERAL_NULL_CONVERSION = YES;
				CLANG_WARN_OBJC_IMPLICIT_RETAIN_SELF = YES;
				CLANG_WARN_OBJC_LITERAL_CONVERSION = YES;
				CLANG_WARN_OBJC_ROOT_CLASS = YES_ERROR;
				CLANG_WARN_QUOTED_INCLUDE_IN_FRAMEWORK_HEADER = YES;
				CLANG_WARN_RANGE_LOOP_ANALYSIS = YES;
				CLANG_WARN_STRICT_PROTOTYPES = YES;
				CLANG_WARN_SUSPICIOUS_MOVE = YES;
				CLANG_WARN_UNGUARDED_AVAILABILITY = YES_AGGRESSIVE;
				CLANG_WARN_UNREACHABLE_CODE = YES;
				CLANG_WARN__DUPLICATE_METHOD_MATCH = YES;
				COPY_PHASE_STRIP = NO;
				DEBUG_INFORMATION_FORMAT = "dwarf-with-dsym";
				ENABLE_NS_ASSERTIONS = NO;
				ENABLE_STRICT_OBJC_MSGSEND = YES;
				GCC_C_LANGUAGE_STANDARD = gnu11;
				GCC_NO_COMMON_BLOCKS = YES;
				GCC_WARN_64_TO_32_BIT_CONVERSION = YES;
				GCC_WARN_ABOUT_RETURN_TYPE = YES_ERROR;
				GCC_WARN_UNDECLARED_SELECTOR = YES;
				GCC_WARN_UNINITIALIZED_AUTOS = YES_AGGRESSIVE;
				GCC_WARN_UNUSED_FUNCTION = YES;
				GCC_WARN_UNUSED_VARIABLE = YES;
				IPHONEOS_DEPLOYMENT_TARGET = 16.1;
				MTL_ENABLE_DEBUG_INFO = NO;
				MTL_FAST_MATH = YES;
				SDKROOT = iphoneos;
				SWIFT_COMPILATION_MODE = wholemodule;
				SWIFT_OPTIMIZATION_LEVEL = "-O";
				VALIDATE_PRODUCT = YES;
			};
			name = Release;
		};
		50A856872931FDA800E476DF /* Debug */ = {
			isa = XCBuildConfiguration;
			buildSettings = {
				ASSETCATALOG_COMPILER_APPICON_NAME = AppIcon;
				ASSETCATALOG_COMPILER_GLOBAL_ACCENT_COLOR_NAME = AccentColor;
				CODE_SIGN_STYLE = Automatic;
				CURRENT_PROJECT_VERSION = 1;
				GENERATE_INFOPLIST_FILE = YES;
				INFOPLIST_FILE = ImageFeed/Info.plist;
				INFOPLIST_KEY_UIApplicationSupportsIndirectInputEvents = YES;
				INFOPLIST_KEY_UILaunchStoryboardName = LaunchScreen;
				INFOPLIST_KEY_UIMainStoryboardFile = Main;
				INFOPLIST_KEY_UISupportedInterfaceOrientations = UIInterfaceOrientationPortrait;
				INFOPLIST_KEY_UISupportedInterfaceOrientations_iPad = "UIInterfaceOrientationLandscapeLeft UIInterfaceOrientationLandscapeRight UIInterfaceOrientationPortrait UIInterfaceOrientationPortraitUpsideDown";
				IPHONEOS_DEPLOYMENT_TARGET = 13.0;
				LD_RUNPATH_SEARCH_PATHS = (
					"$(inherited)",
					"@executable_path/Frameworks",
				);
				MARKETING_VERSION = 1.0;
				PRODUCT_BUNDLE_IDENTIFIER = ru.maxcode2023.ImageFeed;
				PRODUCT_NAME = "$(TARGET_NAME)";
				SUPPORTED_PLATFORMS = "iphoneos iphonesimulator";
				SUPPORTS_MACCATALYST = NO;
				SUPPORTS_MAC_DESIGNED_FOR_IPHONE_IPAD = NO;
				SWIFT_EMIT_LOC_STRINGS = YES;
				SWIFT_VERSION = 5.0;
				TARGETED_DEVICE_FAMILY = 1;
			};
			name = Debug;
		};
		50A856882931FDA800E476DF /* Release */ = {
			isa = XCBuildConfiguration;
			buildSettings = {
				ASSETCATALOG_COMPILER_APPICON_NAME = AppIcon;
				ASSETCATALOG_COMPILER_GLOBAL_ACCENT_COLOR_NAME = AccentColor;
				CODE_SIGN_STYLE = Automatic;
				CURRENT_PROJECT_VERSION = 1;
				GENERATE_INFOPLIST_FILE = YES;
				INFOPLIST_FILE = ImageFeed/Info.plist;
				INFOPLIST_KEY_UIApplicationSupportsIndirectInputEvents = YES;
				INFOPLIST_KEY_UILaunchStoryboardName = LaunchScreen;
				INFOPLIST_KEY_UIMainStoryboardFile = Main;
				INFOPLIST_KEY_UISupportedInterfaceOrientations = UIInterfaceOrientationPortrait;
				INFOPLIST_KEY_UISupportedInterfaceOrientations_iPad = "UIInterfaceOrientationLandscapeLeft UIInterfaceOrientationLandscapeRight UIInterfaceOrientationPortrait UIInterfaceOrientationPortraitUpsideDown";
				IPHONEOS_DEPLOYMENT_TARGET = 13.0;
				LD_RUNPATH_SEARCH_PATHS = (
					"$(inherited)",
					"@executable_path/Frameworks",
				);
				MARKETING_VERSION = 1.0;
				PRODUCT_BUNDLE_IDENTIFIER = ru.maxcode2023.ImageFeed;
				PRODUCT_NAME = "$(TARGET_NAME)";
				SUPPORTED_PLATFORMS = "iphoneos iphonesimulator";
				SUPPORTS_MACCATALYST = NO;
				SUPPORTS_MAC_DESIGNED_FOR_IPHONE_IPAD = NO;
				SWIFT_EMIT_LOC_STRINGS = YES;
				SWIFT_VERSION = 5.0;
				TARGETED_DEVICE_FAMILY = 1;
			};
			name = Release;
		};
/* End XCBuildConfiguration section */

/* Begin XCConfigurationList section */
		50A8566D2931FDA700E476DF /* Build configuration list for PBXProject "ImageFeed" */ = {
			isa = XCConfigurationList;
			buildConfigurations = (
				50A856842931FDA800E476DF /* Debug */,
				50A856852931FDA800E476DF /* Release */,
			);
			defaultConfigurationIsVisible = 0;
			defaultConfigurationName = Release;
		};
		50A856862931FDA800E476DF /* Build configuration list for PBXNativeTarget "ImageFeed" */ = {
			isa = XCConfigurationList;
			buildConfigurations = (
				50A856872931FDA800E476DF /* Debug */,
				50A856882931FDA800E476DF /* Release */,
			);
			defaultConfigurationIsVisible = 0;
			defaultConfigurationName = Release;
		};
/* End XCConfigurationList section */

/* Begin XCRemoteSwiftPackageReference section */
		50B8D4332961F15500508CF6 /* XCRemoteSwiftPackageReference "ProgressHUD" */ = {
			isa = XCRemoteSwiftPackageReference;
			repositoryURL = "https://github.com/relatedcode/ProgressHUD";
			requirement = {
				kind = upToNextMajorVersion;
				minimumVersion = 13.0.0;
			};
		};
/* End XCRemoteSwiftPackageReference section */

/* Begin XCSwiftPackageProductDependency section */
		50B8D4342961F15500508CF6 /* ProgressHUD */ = {
			isa = XCSwiftPackageProductDependency;
			package = 50B8D4332961F15500508CF6 /* XCRemoteSwiftPackageReference "ProgressHUD" */;
			productName = ProgressHUD;
		};
/* End XCSwiftPackageProductDependency section */
	};
	rootObject = 50A8566A2931FDA700E476DF /* Project object */;
}
